{
    "hash": "9fcddd6dc6a5227cdbff9fa49f19b3e8",
    "packages": [
        {
            "name": "corneltek/fileutil",
            "version": "1.6.0",
            "source": {
                "type": "git",
                "url": "git@git.corneltek.com:php/fileutil.git",
                "reference": "1.6.0"
            },
            "type": "library",
            "authors": [
                {
                    "name": "c9s",
                    "email": "cornelius.howl@gmail.com"
                }
            ],
            "description": "Fast File Utility Extension",
            "time": "2013-03-18 13:56:11"
        },
        {
            "name": "corneltek/universal-cache",
            "version": "1.0.0",
            "source": {
                "type": "git",
                "url": "https://github.com/c9s/php-UniversalCache.git",
                "reference": "1.0.0"
            },
            "dist": {
                "type": "zip",
                "url": "https://api.github.com/repos/c9s/php-UniversalCache/zipball/1.0.0",
                "reference": "1.0.0",
                "shasum": ""
            },
            "require": {
                "php": ">=5.3.0"
            },
            "type": "library",
            "autoload": {
                "psr-0": {
                    "UniversalCache": "src"
                }
            },
            "notification-url": "https://packagist.org/downloads/",
            "license": [
                "MIT"
            ],
            "authors": [
                {
                    "name": "Yo-An Lin",
                    "email": "cornelius.howl@gmail.com",
                    "homepage": "http://c9s.me"
                }
            ],
            "description": "General cache interface",
            "homepage": "http://github.com/c9s/UniversalCache",
            "time": "2013-03-20 23:01:06"
        }
    ],
    "packages-dev": [

    ],
    "aliases": [

    ],
    "minimum-stability": "stable",
    "stability-flags": [

    ],
    "platform": {
        "php": ">=5.3.0"
    },
    "platform-dev": [

    ]
}
